Microsoft Visual Studio Solution File, Format Version 11.00
# Visual Studio 2008

Project("{57875D4C-FB58-4ED4-49DE-C374BE9F2DAC}") = "VRLab", "Assembly-CSharp.csproj", "{8F89DA11-85EF-49AB-9323-991A7AC15BCC}"
EndProject
Project("{57875D4C-FB58-4ED4-49DE-C374BE9F2DAC}") = "VRLab", "Assembly-CSharp-Editor.csproj", "{D68F6F21-3F0F-7387-A57E-2EB0F42CD826}"
EndProject
Global
	GlobalSection(SolutionConfigurationPlatforms) = preSolution
		Debug|Any CPU = Debug|Any CPU
		Release|Any CPU = Release|Any CPU
	EndGlobalSection
	GlobalSection(ProjectConfigurationPlatforms) = postSolution
		{8F89DA11-85EF-49AB-9323-991A7AC15BCC}.Debug|Any CPU.ActiveCfg = Debug|Any CPU
		{8F89DA11-85EF-49AB-9323-991A7AC15BCC}.Debug|Any CPU.Build.0 = Debug|Any CPU
		{8F89DA11-85EF-49AB-9323-991A7AC15BCC}.Release|Any CPU.ActiveCfg = Release|Any CPU
		{8F89DA11-85EF-49AB-9323-991A7AC15BCC}.Release|Any CPU.Build.0 = Release|Any CPU
		{D68F6F21-3F0F-7387-A57E-2EB0F42CD826}.Debug|Any CPU.ActiveCfg = Debug|Any CPU
		{D68F6F21-3F0F-7387-A57E-2EB0F42CD826}.Debug|Any CPU.Build.0 = Debug|Any CPU
		{D68F6F21-3F0F-7387-A57E-2EB0F42CD826}.Release|Any CPU.ActiveCfg = Release|Any CPU
		{D68F6F21-3F0F-7387-A57E-2EB0F42CD826}.Release|Any CPU.Build.0 = Release|Any CPU
	EndGlobalSection
	GlobalSection(SolutionProperties) = preSolution
		HideSolutionNode = FALSE
	EndGlobalSection
	GlobalSection(MonoDevelopProperties) = preSolution
		StartupItem = Assembly-CSharp.csproj
	EndGlobalSection
EndGlobal
